
Microsoft Visual Studio Solution File, Format Version 12.00
# Visual Studio 15
VisualStudioVersion = 15.0.26430.6
MinimumVisualStudioVersion = 10.0.40219.1
Project("{FAE04EC0-301F-11D3-BF4B-00C04F79EFBC}") = "CalderonProject3", "MDITest\CalderonProject3.csproj", "{2568C0B5-928C-4932-8B67-8C5F70DFFD9A}"
EndProject
Global
	GlobalSection(SolutionConfigurationPlatforms) = preSolution
		Debug|Any CPU = Debug|Any CPU
		Release|Any CPU = Release|Any CPU
	EndGlobalSection
	GlobalSection(ProjectConfigurationPlatforms) = postSolution
		{2568C0B5-928C-4932-8B67-8C5F70DFFD9A}.Debug|Any CPU.ActiveCfg = Debug|Any CPU
		{2568C0B5-928C-4932-8B67-8C5F70DFFD9A}.Debug|Any CPU.Build.0 = Debug|Any CPU
		{2568C0B5-928C-4932-8B67-8C5F70DFFD9A}.Release|Any CPU.ActiveCfg = Release|Any CPU
		{2568C0B5-928C-4932-8B67-8C5F70DFFD9A}.Release|Any CPU.Build.0 = Release|Any CPU
	EndGlobalSection
	GlobalSection(SolutionProperties) = preSolution
		HideSolutionNode = FALSE
	EndGlobalSection
	GlobalSection(ExtensibilityGlobals) = postSolution
		SolutionGuid = {AF2A1E1D-A850-4B8B-A776-DE85B097DEA4}
	EndGlobalSection
EndGlobal
